{
  "name": "hugo-awesome-images",
  "version": "1.0.0",
  "lockfileVersion": 2,
  "requires": true,
  "packages": {
    "": {
      "name": "hugo-awesome-images",
      "version": "1.0.0",
      "license": "ISC",
      "dependencies": {
        "lightense-images": "^1.0.17",
        "vanilla-lazyload": "^19.0.0"
      }
    },
    "node_modules/lightense-images": {
      "version": "1.0.17",
      "resolved": "https://registry.npmjs.org/lightense-images/-/lightense-images-1.0.17.tgz",
      "integrity": "sha512-onaXGhmKWFxnihtb0XOCIHs7ubyaFerFQ6uBal7BXhvZtLwGa6kClFI0/Kw0puQCZb7SY8gYFh9coYWZ7HhMXQ=="
    },
    "node_modules/vanilla-lazyload": {
      "version": "19.0.0",
      "resolved": "https://registry.npmjs.org/vanilla-lazyload/-/vanilla-lazyload-19.0.0.tgz",
      "integrity": "sha512-3oRaFYb1nh7nIgNPwubK5DeOuB2VGIsLM+2df4j0VDxy+PcRdvomBmxmgnJSnq5mlOry3fMnaAgAirz4LVKbMQ==",
      "funding": {
        "type": "individual",
        "url": "https://ko-fi.com/verlok"
      }
    }
  },
  "dependencies": {
    "lightense-images": {
      "version": "1.0.17",
      "resolved": "https://registry.npmjs.org/lightense-images/-/lightense-images-1.0.17.tgz",
      "integrity": "sha512-onaXGhmKWFxnihtb0XOCIHs7ubyaFerFQ6uBal7BXhvZtLwGa6kClFI0/Kw0puQCZb7SY8gYFh9coYWZ7HhMXQ=="
    },
    "vanilla-lazyload": {
      "version": "19.0.0",
      "resolved": "https://registry.npmjs.org/vanilla-lazyload/-/vanilla-lazyload-19.0.0.tgz",
      "integrity": "sha512-3oRaFYb1nh7nIgNPwubK5DeOuB2VGIsLM+2df4j0VDxy+PcRdvomBmxmgnJSnq5mlOry3fMnaAgAirz4LVKbMQ=="
    }
  }
}
