{
  "name": "hugo-awesome-images",
  "version": "1.0.0",
  "lockfileVersion": 2,
  "requires": true,
  "packages": {
    "": {
      "name": "hugo-awesome-images",
      "version": "1.0.0",
      "license": "ISC",
      "dependencies": {
        "lightense-images": "^1.0.17",
        "vanilla-lazyload": "^18.0.0"
      }
    },
    "node_modules/lightense-images": {
      "version": "1.0.17",
      "resolved": "https://registry.npmjs.org/lightense-images/-/lightense-images-1.0.17.tgz",
      "integrity": "sha512-onaXGhmKWFxnihtb0XOCIHs7ubyaFerFQ6uBal7BXhvZtLwGa6kClFI0/Kw0puQCZb7SY8gYFh9coYWZ7HhMXQ=="
    },
    "node_modules/vanilla-lazyload": {
      "version": "18.0.0",
      "resolved": "https://registry.npmjs.org/vanilla-lazyload/-/vanilla-lazyload-18.0.0.tgz",
      "integrity": "sha512-jkTAkXnSommdEKfh6SGeV7WebSIBPbJLzSnSyEBwQVBviHCFXSHk377rEdhKMvuepGlCBD77FAI3Z5edMpM1hg==",
      "funding": {
        "type": "individual",
        "url": "https://ko-fi.com/verlok"
      }
    }
  },
  "dependencies": {
    "lightense-images": {
      "version": "1.0.17",
      "resolved": "https://registry.npmjs.org/lightense-images/-/lightense-images-1.0.17.tgz",
      "integrity": "sha512-onaXGhmKWFxnihtb0XOCIHs7ubyaFerFQ6uBal7BXhvZtLwGa6kClFI0/Kw0puQCZb7SY8gYFh9coYWZ7HhMXQ=="
    },
    "vanilla-lazyload": {
      "version": "18.0.0",
      "resolved": "https://registry.npmjs.org/vanilla-lazyload/-/vanilla-lazyload-18.0.0.tgz",
      "integrity": "sha512-jkTAkXnSommdEKfh6SGeV7WebSIBPbJLzSnSyEBwQVBviHCFXSHk377rEdhKMvuepGlCBD77FAI3Z5edMpM1hg=="
    }
  }
}
