{
  "name": "hugo-vanilla-lazyload",
  "version": "1.0.0",
  "lockfileVersion": 2,
  "requires": true,
  "packages": {
    "": {
      "name": "hugo-vanilla-lazyload",
      "version": "1.0.0",
      "license": "ISC",
      "dependencies": {
        "vanilla-lazyload": "^17.6.1"
      }
    },
    "node_modules/vanilla-lazyload": {
      "version": "17.6.1",
      "resolved": "https://registry.npmjs.org/vanilla-lazyload/-/vanilla-lazyload-17.6.1.tgz",
      "integrity": "sha512-Jn/WpWEIe+d6UUb8hw1qDO49W8lceFLW/ucWt8pdRcQvoQaucLtMnc9QHsm0Iz/xe4SCElEE2fyMZB8xC3e/6Q==",
      "funding": {
        "type": "individual",
        "url": "https://ko-fi.com/verlok"
      }
    }
  },
  "dependencies": {
    "vanilla-lazyload": {
      "version": "17.6.1",
      "resolved": "https://registry.npmjs.org/vanilla-lazyload/-/vanilla-lazyload-17.6.1.tgz",
      "integrity": "sha512-Jn/WpWEIe+d6UUb8hw1qDO49W8lceFLW/ucWt8pdRcQvoQaucLtMnc9QHsm0Iz/xe4SCElEE2fyMZB8xC3e/6Q=="
    }
  }
}
